{
  "sources": {
    "database": {
      "locked_version": "1.5.2"
    },
    "postgresql": {
      "locked_version": "3.3.4",
      "git": "https://github.com/opscode-cookbooks/postgresql.git",
      "ref": "5800238828b443725442fe510ec4f5308ed9ce8b"
    },
    "postgres-conf": {
      "path": "./cookbooks/postgres-conf"
    },
    "mysql": {
      "locked_version": "4.0.6"
    },
    "openssl": {
      "locked_version": "1.1.0"
    },
    "build-essential": {
      "locked_version": "1.4.2"
    },
    "aws": {
      "locked_version": "1.0.0"
    },
    "xfs": {
      "locked_version": "1.1.0"
    },
    "apt": {
      "locked_version": "2.3.0"
    }
  }
}
